hash: 156dae25ecc489ba3c6fafad06640c796966fb7d60a5194dd8f0d0db79cb268c
updated: 2022-01-10T13:42:28.791938+01:00
imports:
- name: github.com/codegangsta/negroni
  version: 3c3f8059b4bbc720ce576ca2d369069601914e8b
- name: github.com/fsnotify/fsnotify
  version: 3eb7fa4b3213c056d4657a9776041e96e8fe73b6
- name: github.com/golang/protobuf
  version: 5d5e8c018a13017f9d5b8bf4fad64aaa42a87308
  subpackages:
  - proto
- name: github.com/julienschmidt/httprouter
  version: fe77dd05ab5a80f54110cccf1b7d8681c2648323
- name: github.com/m4rw3r/uuid
  version: 80a86a3c3b1ac9e67012257d8274482639cf8ea5
- name: github.com/meatballhat/negroni-logrus
  version: bc51654b084894b7caba1d1ec352408c4271b5d2
- name: github.com/mihasya/go-metrics-librato
  version: c2a1624c7a80c6ad27067d6757b074c867e0b444
- name: github.com/OneOfOne/xxhash
  version: 8506fca4db5e15f5171d12924cd554f9303ad373
  subpackages:
  - native
- name: github.com/onsi/ginkgo
  version: d38b9d946d52cd175495d30143fbecc5aff98f13
  subpackages:
  - config
  - formatter
  - ginkgo
  - internal/codelocation
  - internal/containernode
  - internal/failer
  - internal/global
  - internal/leafnodes
  - internal/remote
  - internal/spec
  - internal/spec_iterator
  - internal/specrunner
  - internal/suite
  - internal/testingtproxy
  - internal/writer
  - reporters
  - reporters/stenographer
  - reporters/stenographer/support/go-colorable
  - reporters/stenographer/support/go-isatty
  - types
- name: github.com/onsi/gomega
  version: 72e60405bee2d97bf8ea5889ed918fde7c39189e
  subpackages:
  - format
  - internal
  - matchers
  - matchers/support/goraph/bipartitegraph
  - matchers/support/goraph/edge
  - matchers/support/goraph/node
  - matchers/support/goraph/util
  - types
- name: github.com/rcrowley/go-metrics
  version: cf1acfcdf4751e0554ffa765d03e479ec491cad6
- name: github.com/sirupsen/logrus
  version: 79c5ab66aa2ce7d9ff7b3c437ebc22fcc519a967
- name: github.com/unrolled/render
  version: da2cd662f9c6c8bedb43ce6620b7a772c639f673
- name: github.com/urfave/negroni
  version: 3c3f8059b4bbc720ce576ca2d369069601914e8b
- name: golang.org/x/sys
  version: 1d35b9e2eb4edf581781c7f3e2a36fac701f0a24
  subpackages:
  - internal/unsafeheader
  - unix
  - windows
- name: gopkg.in/gemnasium/logrus-airbrake-hook.v2
  version: e928b033a891c0175fb643d5aa0779e86325eb12
testImports:
- name: github.com/nxadm/tail
  version: 4472660a31a6f0014e888512303dc49785913d8b
  subpackages:
  - ratelimiter
  - util
  - watch
  - winfile
- name: golang.org/x/net
  version: 5cfca573fb4de1b4540d42c216f39c8d1cbbb494
  subpackages:
  - html
  - html/atom
  - html/charset
- name: golang.org/x/text
  version: 18b340fc7af22495828ffbe71e9f9e22583bc7a9
  subpackages:
  - encoding
  - encoding/charmap
  - encoding/htmlindex
  - encoding/internal
  - encoding/internal/identifier
  - encoding/japanese
  - encoding/korean
  - encoding/simplifiedchinese
  - encoding/traditionalchinese
  - encoding/unicode
  - internal/language
  - internal/language/compact
  - internal/tag
  - internal/utf8internal
  - language
  - runes
  - transform
- name: gopkg.in/tomb.v1
  version: dd632973f1e7218eb1089048e0798ec9ae7dceb8
- name: gopkg.in/yaml.v2
  version: 7649d4548cb53a614db133b2a8ac1f31859dda8c
